// !$*UTF8*$!
{
	archiveVersion = 1;
	classes = {
	};
	objectVersion = 77;
	objects = {

/* Begin PBXContainerItemProxy section */
		1F31DC6A2DBE6FD600BFE703 /* PBXContainerItemProxy */ = {
			isa = PBXContainerItemProxy;
			containerPortal = 1F31DC4B2DBE6FD400BFE703 /* Project object */;
			proxyType = 1;
			remoteGlobalIDString = 1F31DC522DBE6FD400BFE703;
			remoteInfo = ToyProject_Swift_Calender;
		};
		1F31DC742DBE6FD600BFE703 /* PBXContainerItemProxy */ = {
			isa = PBXContainerItemProxy;
			containerPortal = 1F31DC4B2DBE6FD400BFE703 /* Project object */;
			proxyType = 1;
			remoteGlobalIDString = 1F31DC522DBE6FD400BFE703;
			remoteInfo = ToyProject_Swift_Calender;
		};
/* End PBXContainerItemProxy section */

/* Begin PBXFileReference section */
		1F31DC532DBE6FD400BFE703 /* ToyProject_Swift_Calender.app */ = {isa = PBXFileReference; explicitFileType = wrapper.application; includeInIndex = 0; path = ToyProject_Swift_Calender.app; sourceTree = BUILT_PRODUCTS_DIR; };
		1F31DC692DBE6FD600BFE703 /* ToyProject_Swift_CalenderTests.xctest */ = {isa = PBXFileReference; explicitFileType = wrapper.cfbundle; includeInIndex = 0; path = ToyProject_Swift_CalenderTests.xctest; sourceTree = BUILT_PRODUCTS_DIR; };
		1F31DC732DBE6FD600BFE703 /* ToyProject_Swift_CalenderUITests.xctest */ = {isa = PBXFileReference; explicitFileType = wrapper.cfbundle; includeInIndex = 0; path = ToyProject_Swift_CalenderUITests.xctest; sourceTree = BUILT_PRODUCTS_DIR; };
/* End PBXFileReference section */

/* Begin PBXFileSystemSynchronizedBuildFileExceptionSet section */
		1F31DC7B2DBE6FD600BFE703 /* Exceptions for "ToyProject_Swift_Calender" folder in "ToyProject_Swift_Calender" target */ = {
			isa = PBXFileSystemSynchronizedBuildFileExceptionSet;
			membershipExceptions = (
				Info.plist,
			);
			target = 1F31DC522DBE6FD400BFE703 /* ToyProject_Swift_Calender */;
		};
/* End PBXFileSystemSynchronizedBuildFileExceptionSet section */

/* Begin PBXFileSystemSynchronizedRootGroup section */
		1F31DC552DBE6FD400BFE703 /* ToyProject_Swift_Calender */ = {
			isa = PBXFileSystemSynchronizedRootGroup;
			exceptions = (
				1F31DC7B2DBE6FD600BFE703 /* Exceptions for "ToyProject_Swift_Calender" folder in "ToyProject_Swift_Calender" target */,
			);
			path = ToyProject_Swift_Calender;
			sourceTree = "<group>";
		};
		1F31DC6C2DBE6FD600BFE703 /* ToyProject_Swift_CalenderTests */ = {
			isa = PBXFileSystemSynchronizedRootGroup;
			path = ToyProject_Swift_CalenderTests;
			sourceTree = "<group>";
		};
		1F31DC762DBE6FD600BFE703 /* ToyProject_Swift_CalenderUITests */ = {
			isa = PBXFileSystemSynchronizedRootGroup;
			path = ToyProject_Swift_CalenderUITests;
			sourceTree = "<group>";
		};
/* End PBXFileSystemSynchronizedRootGroup section */

/* Begin PBXFrameworksBuildPhase section */
		1F31DC502DBE6FD400BFE703 /* Frameworks */ = {
			isa = PBXFrameworksBuildPhase;
			buildActionMask = 2147483647;
			files = (
			);
			runOnlyForDeploymentPostprocessing = 0;
		};
		1F31DC662DBE6FD600BFE703 /* Frameworks */ = {
			isa = PBXFrameworksBuildPhase;
			buildActionMask = 2147483647;
			files = (
			);
			runOnlyForDeploymentPostprocessing = 0;
		};
		1F31DC702DBE6FD600BFE703 /* Frameworks */ = {
			isa = PBXFrameworksBuildPhase;
			buildActionMask = 2147483647;
			files = (
			);
			runOnlyForDeploymentPostprocessing = 0;
		};
/* End PBXFrameworksBuildPhase section */

/* Begin PBXGroup section */
		1F31DC4A2DBE6FD400BFE703 = {
			isa = PBXGroup;
			children = (
				1F31DC552DBE6FD400BFE703 /* ToyProject_Swift_Calender */,
				1F31DC6C2DBE6FD600BFE703 /* ToyProject_Swift_CalenderTests */,
				1F31DC762DBE6FD600BFE703 /* ToyProject_Swift_CalenderUITests */,
				1F31DC542DBE6FD400BFE703 /* Products */,
			);
			sourceTree = "<group>";
		};
		1F31DC542DBE6FD400BFE703 /* Products */ = {
			isa = PBXGroup;
			children = (
				1F31DC532DBE6FD400BFE703 /* ToyProject_Swift_Calender.app */,
				1F31DC692DBE6FD600BFE703 /* ToyProject_Swift_CalenderTests.xctest */,
				1F31DC732DBE6FD600BFE703 /* ToyProject_Swift_CalenderUITests.xctest */,
			);
			name = Products;
			sourceTree = "<group>";
		};
/* End PBXGroup section */

/* Begin PBXNativeTarget section */
		1F31DC522DBE6FD400BFE703 /* ToyProject_Swift_Calender */ = {
			isa = PBXNativeTarget;
			buildConfigurationList = 1F31DC7C2DBE6FD600BFE703 /* Build configuration list for PBXNativeTarget "ToyProject_Swift_Calender" */;
			buildPhases = (
				1F31DC4F2DBE6FD400BFE703 /* Sources */,
				1F31DC502DBE6FD400BFE703 /* Frameworks */,
				1F31DC512DBE6FD400BFE703 /* Resources */,
			);
			buildRules = (
			);
			dependencies = (
			);
			fileSystemSynchronizedGroups = (
				1F31DC552DBE6FD400BFE703 /* ToyProject_Swift_Calender */,
			);
			name = ToyProject_Swift_Calender;
			packageProductDependencies = (
			);
			productName = ToyProject_Swift_Calender;
			productReference = 1F31DC532DBE6FD400BFE703 /* ToyProject_Swift_Calender.app */;
			productType = "com.apple.product-type.application";
		};
		1F31DC682DBE6FD600BFE703 /* ToyProject_Swift_CalenderTests */ = {
			isa = PBXNativeTarget;
			buildConfigurationList = 1F31DC812DBE6FD600BFE703 /* Build configuration list for PBXNativeTarget "ToyProject_Swift_CalenderTests" */;
			buildPhases = (
				1F31DC652DBE6FD600BFE703 /* Sources */,
				1F31DC662DBE6FD600BFE703 /* Frameworks */,
				1F31DC672DBE6FD600BFE703 /* Resources */,
			);
			buildRules = (
			);
			dependencies = (
				1F31DC6B2DBE6FD600BFE703 /* PBXTargetDependency */,
			);
			fileSystemSynchronizedGroups = (
				1F31DC6C2DBE6FD600BFE703 /* ToyProject_Swift_CalenderTests */,
			);
			name = ToyProject_Swift_CalenderTests;
			packageProductDependencies = (
			);
			productName = ToyProject_Swift_CalenderTests;
			productReference = 1F31DC692DBE6FD600BFE703 /* ToyProject_Swift_CalenderTests.xctest */;
			productType = "com.apple.product-type.bundle.unit-test";
		};
		1F31DC722DBE6FD600BFE703 /* ToyProject_Swift_CalenderUITests */ = {
			isa = PBXNativeTarget;
			buildConfigurationList = 1F31DC842DBE6FD600BFE703 /* Build configuration list for PBXNativeTarget "ToyProject_Swift_CalenderUITests" */;
			buildPhases = (
				1F31DC6F2DBE6FD600BFE703 /* Sources */,
				1F31DC702DBE6FD600BFE703 /* Frameworks */,
				1F31DC712DBE6FD600BFE703 /* Resources */,
			);
			buildRules = (
			);
			dependencies = (
				1F31DC752DBE6FD600BFE703 /* PBXTargetDependency */,
			);
			fileSystemSynchronizedGroups = (
				1F31DC762DBE6FD600BFE703 /* ToyProject_Swift_CalenderUITests */,
			);
			name = ToyProject_Swift_CalenderUITests;
			packageProductDependencies = (
			);
			productName = ToyProject_Swift_CalenderUITests;
			productReference = 1F31DC732DBE6FD600BFE703 /* ToyProject_Swift_CalenderUITests.xctest */;
			productType = "com.apple.product-type.bundle.ui-testing";
		};
/* End PBXNativeTarget section */

/* Begin PBXProject section */
		1F31DC4B2DBE6FD400BFE703 /* Project object */ = {
			isa = PBXProject;
			attributes = {
				BuildIndependentTargetsInParallel = 1;
				LastSwiftUpdateCheck = 1630;
				LastUpgradeCheck = 1630;
				TargetAttributes = {
					1F31DC522DBE6FD400BFE703 = {
						CreatedOnToolsVersion = 16.3;
					};
					1F31DC682DBE6FD600BFE703 = {
						CreatedOnToolsVersion = 16.3;
						TestTargetID = 1F31DC522DBE6FD400BFE703;
					};
					1F31DC722DBE6FD600BFE703 = {
						CreatedOnToolsVersion = 16.3;
						TestTargetID = 1F31DC522DBE6FD400BFE703;
					};
				};
			};
			buildConfigurationList = 1F31DC4E2DBE6FD400BFE703 /* Build configuration list for PBXProject "ToyProject_Swift_Calender" */;
			developmentRegion = en;
			hasScannedForEncodings = 0;
			knownRegions = (
				en,
				Base,
			);
			mainGroup = 1F31DC4A2DBE6FD400BFE703;
			minimizedProjectReferenceProxies = 1;
			preferredProjectObjectVersion = 77;
			productRefGroup = 1F31DC542DBE6FD400BFE703 /* Products */;
			projectDirPath = "";
			projectRoot = "";
			targets = (
				1F31DC522DBE6FD400BFE703 /* ToyProject_Swift_Calender */,
				1F31DC682DBE6FD600BFE703 /* ToyProject_Swift_CalenderTests */,
				1F31DC722DBE6FD600BFE703 /* ToyProject_Swift_CalenderUITests */,
			);
		};
/* End PBXProject section */

/* Begin PBXResourcesBuildPhase section */
		1F31DC512DBE6FD400BFE703 /* Resources */ = {
			isa = PBXResourcesBuildPhase;
			buildActionMask = 2147483647;
			files = (
			);
			runOnlyForDeploymentPostprocessing = 0;
		};
		1F31DC672DBE6FD600BFE703 /* Resources */ = {
			isa = PBXResourcesBuildPhase;
			buildActionMask = 2147483647;
			files = (
			);
			runOnlyForDeploymentPostprocessing = 0;
		};
		1F31DC712DBE6FD600BFE703 /* Resources */ = {
			isa = PBXResourcesBuildPhase;
			buildActionMask = 2147483647;
			files = (
			);
			runOnlyForDeploymentPostprocessing = 0;
		};
/* End PBXResourcesBuildPhase section */

/* Begin PBXSourcesBuildPhase section */
		1F31DC4F2DBE6FD400BFE703 /* Sources */ = {
			isa = PBXSourcesBuildPhase;
			buildActionMask = 2147483647;
			files = (
			);
			runOnlyForDeploymentPostprocessing = 0;
		};
		1F31DC652DBE6FD600BFE703 /* Sources */ = {
			isa = PBXSourcesBuildPhase;
			buildActionMask = 2147483647;
			files = (
			);
			runOnlyForDeploymentPostprocessing = 0;
		};
		1F31DC6F2DBE6FD600BFE703 /* Sources */ = {
			isa = PBXSourcesBuildPhase;
			buildActionMask = 2147483647;
			files = (
			);
			runOnlyForDeploymentPostprocessing = 0;
		};
/* End PBXSourcesBuildPhase section */

/* Begin PBXTargetDependency section */
		1F31DC6B2DBE6FD600BFE703 /* PBXTargetDependency */ = {
			isa = PBXTargetDependency;
			target = 1F31DC522DBE6FD400BFE703 /* ToyProject_Swift_Calender */;
			targetProxy = 1F31DC6A2DBE6FD600BFE703 /* PBXContainerItemProxy */;
		};
		1F31DC752DBE6FD600BFE703 /* PBXTargetDependency */ = {
			isa = PBXTargetDependency;
			target = 1F31DC522DBE6FD400BFE703 /* ToyProject_Swift_Calender */;
			targetProxy = 1F31DC742DBE6FD600BFE703 /* PBXContainerItemProxy */;
		};
/* End PBXTargetDependency section */

/* Begin XCBuildConfiguration section */
		1F31DC7D2DBE6FD600BFE703 /* Debug */ = {
			isa = XCBuildConfiguration;
			buildSettings = {
				ASSETCATALOG_COMPILER_APPICON_NAME = AppIcon;
				ASSETCATALOG_COMPILER_GLOBAL_ACCENT_COLOR_NAME = AccentColor;
				CODE_SIGN_STYLE = Automatic;
				CURRENT_PROJECT_VERSION = 1;
				GENERATE_INFOPLIST_FILE = YES;
				INFOPLIST_FILE = ToyProject_Swift_Calender/Info.plist;
				INFOPLIST_KEY_UIApplicationSupportsIndirectInputEvents = YES;
				INFOPLIST_KEY_UILaunchStoryboardName = LaunchScreen;
				INFOPLIST_KEY_UIMainStoryboardFile = Main;
				INFOPLIST_KEY_UISupportedInterfaceOrientations_iPad = "UIInterfaceOrientationPortrait UIInterfaceOrientationPortraitUpsideDown UIInterfaceOrientationLandscapeLeft UIInterfaceOrientationLandscapeRight";
				INFOPLIST_KEY_UISupportedInterfaceOrientations_iPhone = "UIInterfaceOrientationPortrait UIInterfaceOrientationLandscapeLeft UIInterfaceOrientationLandscapeRight";
				LD_RUNPATH_SEARCH_PATHS = (
					"$(inherited)",
					"@executable_path/Frameworks",
				);
				MARKETING_VERSION = 1.0;
				PRODUCT_BUNDLE_IDENTIFIER = "com.mycompany.ToyProject-Swift-Calender";
				PRODUCT_NAME = "$(TARGET_NAME)";
				SWIFT_EMIT_LOC_STRINGS = YES;
				SWIFT_VERSION = 5.0;
				TARGETED_DEVICE_FAMILY = "1,2";
			};
			name = Debug;
		};
		1F31DC7E2DBE6FD600BFE703 /* Release */ = {
			isa = XCBuildConfiguration;
			buildSettings = {
				ASSETCATALOG_COMPILER_APPICON_NAME = AppIcon;
				ASSETCATALOG_COMPILER_GLOBAL_ACCENT_COLOR_NAME = AccentColor;
				CODE_SIGN_STYLE = Automatic;
				CURRENT_PROJECT_VERSION = 1;
				GENERATE_INFOPLIST_FILE = YES;
				INFOPLIST_FILE = ToyProject_Swift_Calender/Info.plist;
				INFOPLIST_KEY_UIApplicationSupportsIndirectInputEvents = YES;
				INFOPLIST_KEY_UILaunchStoryboardName = LaunchScreen;
				INFOPLIST_KEY_UIMainStoryboardFile = Main;
				INFOPLIST_KEY_UISupportedInterfaceOrientations_iPad = "UIInterfaceOrientationPortrait UIInterfaceOrientationPortraitUpsideDown UIInterfaceOrientationLandscapeLeft UIInterfaceOrientationLandscapeRight";
				INFOPLIST_KEY_UISupportedInterfaceOrientations_iPhone = "UIInterfaceOrientationPortrait UIInterfaceOrientationLandscapeLeft UIInterfaceOrientationLandscapeRight";
				LD_RUNPATH_SEARCH_PATHS = (
					"$(inherited)",
					"@executable_path/Frameworks",
				);
				MARKETING_VERSION = 1.0;
				PRODUCT_BUNDLE_IDENTIFIER = "com.mycompany.ToyProject-Swift-Calender";
				PRODUCT_NAME = "$(TARGET_NAME)";
				SWIFT_EMIT_LOC_STRINGS = YES;
				SWIFT_VERSION = 5.0;
				TARGETED_DEVICE_FAMILY = "1,2";
			};
			name = Release;
		};
		1F31DC7F2DBE6FD600BFE703 /* Debug */ = {
			isa = XCBuildConfiguration;
			buildSettings = {
				ALWAYS_SEARCH_USER_PATHS = NO;
				ASSETCATALOG_COMPILER_GENERATE_SWIFT_ASSET_SYMBOL_EXTENSIONS = YES;
				CLANG_ANALYZER_NONNULL = YES;
				CLANG_ANALYZER_NUMBER_OBJECT_CONVERSION = YES_AGGRESSIVE;
				CLANG_CXX_LANGUAGE_STANDARD = "gnu++20";
				CLANG_ENABLE_MODULES = YES;
				CLANG_ENABLE_OBJC_ARC = YES;
				CLANG_ENABLE_OBJC_WEAK = YES;
				CLANG_WARN_BLOCK_CAPTURE_AUTORELEASING = YES;
				CLANG_WARN_BOOL_CONVERSION = YES;
				CLANG_WARN_COMMA = YES;
				CLANG_WARN_CONSTANT_CONVERSION = YES;
				CLANG_WARN_DEPRECATED_OBJC_IMPLEMENTATIONS = YES;
				CLANG_WARN_DIRECT_OBJC_ISA_USAGE = YES_ERROR;
				CLANG_WARN_DOCUMENTATION_COMMENTS = YES;
				CLANG_WARN_EMPTY_BODY = YES;
				CLANG_WARN_ENUM_CONVERSION = YES;
				CLANG_WARN_INFINITE_RECURSION = YES;
				CLANG_WARN_INT_CONVERSION = YES;
				CLANG_WARN_NON_LITERAL_NULL_CONVERSION = YES;
				CLANG_WARN_OBJC_IMPLICIT_RETAIN_SELF = YES;
				CLANG_WARN_OBJC_LITERAL_CONVERSION = YES;
				CLANG_WARN_OBJC_ROOT_CLASS = YES_ERROR;
				CLANG_WARN_QUOTED_INCLUDE_IN_FRAMEWORK_HEADER = YES;
				CLANG_WARN_RANGE_LOOP_ANALYSIS = YES;
				CLANG_WARN_STRICT_PROTOTYPES = YES;
				CLANG_WARN_SUSPICIOUS_MOVE = YES;
				CLANG_WARN_UNGUARDED_AVAILABILITY = YES_AGGRESSIVE;
				CLANG_WARN_UNREACHABLE_CODE = YES;
				CLANG_WARN__DUPLICATE_METHOD_MATCH = YES;
				COPY_PHASE_STRIP = NO;
				DEBUG_INFORMATION_FORMAT = dwarf;
				ENABLE_STRICT_OBJC_MSGSEND = YES;
				ENABLE_TESTABILITY = YES;
				ENABLE_USER_SCRIPT_SANDBOXING = YES;
				GCC_C_LANGUAGE_STANDARD = gnu17;
				GCC_DYNAMIC_NO_PIC = NO;
				GCC_NO_COMMON_BLOCKS = YES;
				GCC_OPTIMIZATION_LEVEL = 0;
				GCC_PREPROCESSOR_DEFINITIONS = (
					"DEBUG=1",
					"$(inherited)",
				);
				GCC_WARN_64_TO_32_BIT_CONVERSION = YES;
				GCC_WARN_ABOUT_RETURN_TYPE = YES_ERROR;
				GCC_WARN_UNDECLARED_SELECTOR = YES;
				GCC_WARN_UNINITIALIZED_AUTOS = YES_AGGRESSIVE;
				GCC_WARN_UNUSED_FUNCTION = YES;
				GCC_WARN_UNUSED_VARIABLE = YES;
				IPHONEOS_DEPLOYMENT_TARGET = 18.4;
				LOCALIZATION_PREFERS_STRING_CATALOGS = YES;
				MTL_ENABLE_DEBUG_INFO = INCLUDE_SOURCE;
				MTL_FAST_MATH = YES;
				ONLY_ACTIVE_ARCH = YES;
				SDKROOT = iphoneos;
				SWIFT_ACTIVE_COMPILATION_CONDITIONS = "DEBUG $(inherited)";
				SWIFT_OPTIMIZATION_LEVEL = "-Onone";
			};
			name = Debug;
		};
		1F31DC802DBE6FD600BFE703 /* Release */ = {
			isa = XCBuildConfiguration;
			buildSettings = {
				ALWAYS_SEARCH_USER_PATHS = NO;
				ASSETCATALOG_COMPILER_GENERATE_SWIFT_ASSET_SYMBOL_EXTENSIONS = YES;
				CLANG_ANALYZER_NONNULL = YES;
				CLANG_ANALYZER_NUMBER_OBJECT_CONVERSION = YES_AGGRESSIVE;
				CLANG_CXX_LANGUAGE_STANDARD = "gnu++20";
				CLANG_ENABLE_MODULES = YES;
				CLANG_ENABLE_OBJC_ARC = YES;
				CLANG_ENABLE_OBJC_WEAK = YES;
				CLANG_WARN_BLOCK_CAPTURE_AUTORELEASING = YES;
				CLANG_WARN_BOOL_CONVERSION = YES;
				CLANG_WARN_COMMA = YES;
				CLANG_WARN_CONSTANT_CONVERSION = YES;
				CLANG_WARN_DEPRECATED_OBJC_IMPLEMENTATIONS = YES;
				CLANG_WARN_DIRECT_OBJC_ISA_USAGE = YES_ERROR;
				CLANG_WARN_DOCUMENTATION_COMMENTS = YES;
				CLANG_WARN_EMPTY_BODY = YES;
				CLANG_WARN_ENUM_CONVERSION = YES;
				CLANG_WARN_INFINITE_RECURSION = YES;
				CLANG_WARN_INT_CONVERSION = YES;
				CLANG_WARN_NON_LITERAL_NULL_CONVERSION = YES;
				CLANG_WARN_OBJC_IMPLICIT_RETAIN_SELF = YES;
				CLANG_WARN_OBJC_LITERAL_CONVERSION = YES;
				CLANG_WARN_OBJC_ROOT_CLASS = YES_ERROR;
				CLANG_WARN_QUOTED_INCLUDE_IN_FRAMEWORK_HEADER = YES;
				CLANG_WARN_RANGE_LOOP_ANALYSIS = YES;
				CLANG_WARN_STRICT_PROTOTYPES = YES;
				CLANG_WARN_SUSPICIOUS_MOVE = YES;
				CLANG_WARN_UNGUARDED_AVAILABILITY = YES_AGGRESSIVE;
				CLANG_WARN_UNREACHABLE_CODE = YES;
				CLANG_WARN__DUPLICATE_METHOD_MATCH = YES;
				COPY_PHASE_STRIP = NO;
				DEBUG_INFORMATION_FORMAT = "dwarf-with-dsym";
				ENABLE_NS_ASSERTIONS = NO;
				ENABLE_STRICT_OBJC_MSGSEND = YES;
				ENABLE_USER_SCRIPT_SANDBOXING = YES;
				GCC_C_LANGUAGE_STANDARD = gnu17;
				GCC_NO_COMMON_BLOCKS = YES;
				GCC_WARN_64_TO_32_BIT_CONVERSION = YES;
				GCC_WARN_ABOUT_RETURN_TYPE = YES_ERROR;
				GCC_WARN_UNDECLARED_SELECTOR = YES;
				GCC_WARN_UNINITIALIZED_AUTOS = YES_AGGRESSIVE;
				GCC_WARN_UNUSED_FUNCTION = YES;
				GCC_WARN_UNUSED_VARIABLE = YES;
				IPHONEOS_DEPLOYMENT_TARGET = 18.4;
				LOCALIZATION_PREFERS_STRING_CATALOGS = YES;
				MTL_ENABLE_DEBUG_INFO = NO;
				MTL_FAST_MATH = YES;
				SDKROOT = iphoneos;
				SWIFT_COMPILATION_MODE = wholemodule;
				VALIDATE_PRODUCT = YES;
			};
			name = Release;
		};
		1F31DC822DBE6FD600BFE703 /* Debug */ = {
			isa = XCBuildConfiguration;
			buildSettings = {
				BUNDLE_LOADER = "$(TEST_HOST)";
				CODE_SIGN_STYLE = Automatic;
				CURRENT_PROJECT_VERSION = 1;
				GENERATE_INFOPLIST_FILE = YES;
				IPHONEOS_DEPLOYMENT_TARGET = 18.4;
				MARKETING_VERSION = 1.0;
				PRODUCT_BUNDLE_IDENTIFIER = "com.mycompany.ToyProject-Swift-CalenderTests";
				PRODUCT_NAME = "$(TARGET_NAME)";
				SWIFT_EMIT_LOC_STRINGS = NO;
				SWIFT_VERSION = 5.0;
				TARGETED_DEVICE_FAMILY = "1,2";
				TEST_HOST = "$(BUILT_PRODUCTS_DIR)/ToyProject_Swift_Calender.app/$(BUNDLE_EXECUTABLE_FOLDER_PATH)/ToyProject_Swift_Calender";
			};
			name = Debug;
		};
		1F31DC832DBE6FD600BFE703 /* Release */ = {
			isa = XCBuildConfiguration;
			buildSettings = {
				BUNDLE_LOADER = "$(TEST_HOST)";
				CODE_SIGN_STYLE = Automatic;
				CURRENT_PROJECT_VERSION = 1;
				GENERATE_INFOPLIST_FILE = YES;
				IPHONEOS_DEPLOYMENT_TARGET = 18.4;
				MARKETING_VERSION = 1.0;
				PRODUCT_BUNDLE_IDENTIFIER = "com.mycompany.ToyProject-Swift-CalenderTests";
				PRODUCT_NAME = "$(TARGET_NAME)";
				SWIFT_EMIT_LOC_STRINGS = NO;
				SWIFT_VERSION = 5.0;
				TARGETED_DEVICE_FAMILY = "1,2";
				TEST_HOST = "$(BUILT_PRODUCTS_DIR)/ToyProject_Swift_Calender.app/$(BUNDLE_EXECUTABLE_FOLDER_PATH)/ToyProject_Swift_Calender";
			};
			name = Release;
		};
		1F31DC852DBE6FD600BFE703 /* Debug */ = {
			isa = XCBuildConfiguration;
			buildSettings = {
				CODE_SIGN_STYLE = Automatic;
				CURRENT_PROJECT_VERSION = 1;
				GENERATE_INFOPLIST_FILE = YES;
				MARKETING_VERSION = 1.0;
				PRODUCT_BUNDLE_IDENTIFIER = "com.mycompany.ToyProject-Swift-CalenderUITests";
				PRODUCT_NAME = "$(TARGET_NAME)";
				SWIFT_EMIT_LOC_STRINGS = NO;
				SWIFT_VERSION = 5.0;
				TARGETED_DEVICE_FAMILY = "1,2";
				TEST_TARGET_NAME = ToyProject_Swift_Calender;
			};
			name = Debug;
		};
		1F31DC862DBE6FD600BFE703 /* Release */ = {
			isa = XCBuildConfiguration;
			buildSettings = {
				CODE_SIGN_STYLE = Automatic;
				CURRENT_PROJECT_VERSION = 1;
				GENERATE_INFOPLIST_FILE = YES;
				MARKETING_VERSION = 1.0;
				PRODUCT_BUNDLE_IDENTIFIER = "com.mycompany.ToyProject-Swift-CalenderUITests";
				PRODUCT_NAME = "$(TARGET_NAME)";
				SWIFT_EMIT_LOC_STRINGS = NO;
				SWIFT_VERSION = 5.0;
				TARGETED_DEVICE_FAMILY = "1,2";
				TEST_TARGET_NAME = ToyProject_Swift_Calender;
			};
			name = Release;
		};
/* End XCBuildConfiguration section */

/* Begin XCConfigurationList section */
		1F31DC4E2DBE6FD400BFE703 /* Build configuration list for PBXProject "ToyProject_Swift_Calender" */ = {
			isa = XCConfigurationList;
			buildConfigurations = (
				1F31DC7F2DBE6FD600BFE703 /* Debug */,
				1F31DC802DBE6FD600BFE703 /* Release */,
			);
			defaultConfigurationIsVisible = 0;
			defaultConfigurationName = Release;
		};
		1F31DC7C2DBE6FD600BFE703 /* Build configuration list for PBXNativeTarget "ToyProject_Swift_Calender" */ = {
			isa = XCConfigurationList;
			buildConfigurations = (
				1F31DC7D2DBE6FD600BFE703 /* Debug */,
				1F31DC7E2DBE6FD600BFE703 /* Release */,
			);
			defaultConfigurationIsVisible = 0;
			defaultConfigurationName = Release;
		};
		1F31DC812DBE6FD600BFE703 /* Build configuration list for PBXNativeTarget "ToyProject_Swift_CalenderTests" */ = {
			isa = XCConfigurationList;
			buildConfigurations = (
				1F31DC822DBE6FD600BFE703 /* Debug */,
				1F31DC832DBE6FD600BFE703 /* Release */,
			);
			defaultConfigurationIsVisible = 0;
			defaultConfigurationName = Release;
		};
		1F31DC842DBE6FD600BFE703 /* Build configuration list for PBXNativeTarget "ToyProject_Swift_CalenderUITests" */ = {
			isa = XCConfigurationList;
			buildConfigurations = (
				1F31DC852DBE6FD600BFE703 /* Debug */,
				1F31DC862DBE6FD600BFE703 /* Release */,
			);
			defaultConfigurationIsVisible = 0;
			defaultConfigurationName = Release;
		};
/* End XCConfigurationList section */
	};
	rootObject = 1F31DC4B2DBE6FD400BFE703 /* Project object */;
}
